
Microsoft Visual Studio Solution File, Format Version 12.00
# Visual Studio Version 16
VisualStudioVersion = 16.0.32002.261
MinimumVisualStudioVersion = 10.0.40219.1
Project("{FAE04EC0-301F-11D3-BF4B-00C04F79EFBC}") = "GitFun", "GitFun\GitFun.csproj", "{EB03BEF4-C04C-49FF-90FF-574724178353}"
EndProject
Global
	GlobalSection(SolutionConfigurationPlatforms) = preSolution
		Debug|Any CPU = Debug|Any CPU
		Release|Any CPU = Release|Any CPU
	EndGlobalSection
	GlobalSection(ProjectConfigurationPlatforms) = postSolution
		{EB03BEF4-C04C-49FF-90FF-574724178353}.Debug|Any CPU.ActiveCfg = Debug|Any CPU
		{EB03BEF4-C04C-49FF-90FF-574724178353}.Debug|Any CPU.Build.0 = Debug|Any CPU
		{EB03BEF4-C04C-49FF-90FF-574724178353}.Release|Any CPU.ActiveCfg = Release|Any CPU
		{EB03BEF4-C04C-49FF-90FF-574724178353}.Release|Any CPU.Build.0 = Release|Any CPU
	EndGlobalSection
	GlobalSection(SolutionProperties) = preSolution
		HideSolutionNode = FALSE
	EndGlobalSection
	GlobalSection(ExtensibilityGlobals) = postSolution
		SolutionGuid = {B00EA10C-4269-4598-831F-06E3013ACB1B}
	EndGlobalSection
EndGlobal
